
Microsoft Visual Studio Solution File, Format Version 12.00
# Visual Studio 15
VisualStudioVersion = 15.0.27703.2035
MinimumVisualStudioVersion = 10.0.40219.1
Project("{FAE04EC0-301F-11D3-BF4B-00C04F79EFBC}") = "LoggingWeb02", "LoggingWeb02\LoggingWeb02.csproj", "{A3E0FF78-80CD-45F8-A76C-D7E35A79F00F}"
EndProject
Global
	GlobalSection(SolutionConfigurationPlatforms) = preSolution
		Debug|Any CPU = Debug|Any CPU
		Release|Any CPU = Release|Any CPU
	EndGlobalSection
	GlobalSection(ProjectConfigurationPlatforms) = postSolution
		{A3E0FF78-80CD-45F8-A76C-D7E35A79F00F}.Debug|Any CPU.ActiveCfg = Debug|Any CPU
		{A3E0FF78-80CD-45F8-A76C-D7E35A79F00F}.Debug|Any CPU.Build.0 = Debug|Any CPU
		{A3E0FF78-80CD-45F8-A76C-D7E35A79F00F}.Release|Any CPU.ActiveCfg = Release|Any CPU
		{A3E0FF78-80CD-45F8-A76C-D7E35A79F00F}.Release|Any CPU.Build.0 = Release|Any CPU
	EndGlobalSection
	GlobalSection(SolutionProperties) = preSolution
		HideSolutionNode = FALSE
	EndGlobalSection
	GlobalSection(ExtensibilityGlobals) = postSolution
		SolutionGuid = {49B7228F-3879-48F6-88F8-63807D78BA24}
	EndGlobalSection
EndGlobal
