
Microsoft Visual Studio Solution File, Format Version 12.00
# Visual Studio 15
VisualStudioVersion = 15.0.27703.2035
MinimumVisualStudioVersion = 10.0.40219.1
Project("{FAE04EC0-301F-11D3-BF4B-00C04F79EFBC}") = "ProdeWebApp", "ProdeWebApp\ProdeWebApp.csproj", "{2E81F65D-25A0-4872-9A0D-42107DDF8B43}"
EndProject
Project("{FAE04EC0-301F-11D3-BF4B-00C04F79EFBC}") = "Prode.Core.Entidades.Interfaces", "Prode.Core.Entidades.Interfaces\Prode.Core.Entidades.Interfaces.csproj", "{375851C6-F20D-46DC-A6AB-F99C2C09946A}"
EndProject
Project("{FAE04EC0-301F-11D3-BF4B-00C04F79EFBC}") = "Prode.Core.Entidades", "Prode.Core.Entidades\Prode.Core.Entidades.csproj", "{AF9AB605-C783-425A-967F-604620D76E2B}"
EndProject
Global
	GlobalSection(SolutionConfigurationPlatforms) = preSolution
		Debug|Any CPU = Debug|Any CPU
		Release|Any CPU = Release|Any CPU
	EndGlobalSection
	GlobalSection(ProjectConfigurationPlatforms) = postSolution
		{2E81F65D-25A0-4872-9A0D-42107DDF8B43}.Debug|Any CPU.ActiveCfg = Debug|Any CPU
		{2E81F65D-25A0-4872-9A0D-42107DDF8B43}.Debug|Any CPU.Build.0 = Debug|Any CPU
		{2E81F65D-25A0-4872-9A0D-42107DDF8B43}.Release|Any CPU.ActiveCfg = Release|Any CPU
		{2E81F65D-25A0-4872-9A0D-42107DDF8B43}.Release|Any CPU.Build.0 = Release|Any CPU
		{375851C6-F20D-46DC-A6AB-F99C2C09946A}.Debug|Any CPU.ActiveCfg = Debug|Any CPU
		{375851C6-F20D-46DC-A6AB-F99C2C09946A}.Debug|Any CPU.Build.0 = Debug|Any CPU
		{375851C6-F20D-46DC-A6AB-F99C2C09946A}.Release|Any CPU.ActiveCfg = Release|Any CPU
		{375851C6-F20D-46DC-A6AB-F99C2C09946A}.Release|Any CPU.Build.0 = Release|Any CPU
		{AF9AB605-C783-425A-967F-604620D76E2B}.Debug|Any CPU.ActiveCfg = Debug|Any CPU
		{AF9AB605-C783-425A-967F-604620D76E2B}.Debug|Any CPU.Build.0 = Debug|Any CPU
		{AF9AB605-C783-425A-967F-604620D76E2B}.Release|Any CPU.ActiveCfg = Release|Any CPU
		{AF9AB605-C783-425A-967F-604620D76E2B}.Release|Any CPU.Build.0 = Release|Any CPU
	EndGlobalSection
	GlobalSection(SolutionProperties) = preSolution
		HideSolutionNode = FALSE
	EndGlobalSection
	GlobalSection(ExtensibilityGlobals) = postSolution
		SolutionGuid = {FF862C93-E13E-4440-A9E4-92334FC18808}
	EndGlobalSection
EndGlobal
