
Microsoft Visual Studio Solution File, Format Version 12.00
# Visual Studio 15
VisualStudioVersion = 15.0.27703.2035
MinimumVisualStudioVersion = 10.0.40219.1
Project("{FAE04EC0-301F-11D3-BF4B-00C04F79EFBC}") = "Middleware01", "Middleware01\Middleware01.csproj", "{CA6DEAB2-D70B-4BA7-94EE-66407E41A691}"
EndProject
Global
	GlobalSection(SolutionConfigurationPlatforms) = preSolution
		Debug|Any CPU = Debug|Any CPU
		Release|Any CPU = Release|Any CPU
	EndGlobalSection
	GlobalSection(ProjectConfigurationPlatforms) = postSolution
		{CA6DEAB2-D70B-4BA7-94EE-66407E41A691}.Debug|Any CPU.ActiveCfg = Debug|Any CPU
		{CA6DEAB2-D70B-4BA7-94EE-66407E41A691}.Debug|Any CPU.Build.0 = Debug|Any CPU
		{CA6DEAB2-D70B-4BA7-94EE-66407E41A691}.Release|Any CPU.ActiveCfg = Release|Any CPU
		{CA6DEAB2-D70B-4BA7-94EE-66407E41A691}.Release|Any CPU.Build.0 = Release|Any CPU
	EndGlobalSection
	GlobalSection(SolutionProperties) = preSolution
		HideSolutionNode = FALSE
	EndGlobalSection
	GlobalSection(ExtensibilityGlobals) = postSolution
		SolutionGuid = {974F62D3-814C-4366-95DD-0922A6F9D898}
	EndGlobalSection
EndGlobal
