
Microsoft Visual Studio Solution File, Format Version 12.00
# Visual Studio 15
VisualStudioVersion = 15.0.28010.2036
MinimumVisualStudioVersion = 10.0.40219.1
Project("{FAE04EC0-301F-11D3-BF4B-00C04F79EFBC}") = "WebApp", "WebApp\WebApp.csproj", "{F64CA02B-58A8-4CEA-A935-CA1BD9A138D6}"
EndProject
Project("{FAE04EC0-301F-11D3-BF4B-00C04F79EFBC}") = "ConsoleApp", "ConsoleApp\ConsoleApp.csproj", "{51F8D17B-135C-404E-B775-E0879D377775}"
EndProject
Global
	GlobalSection(SolutionConfigurationPlatforms) = preSolution
		Debug|Any CPU = Debug|Any CPU
		Release|Any CPU = Release|Any CPU
	EndGlobalSection
	GlobalSection(ProjectConfigurationPlatforms) = postSolution
		{F64CA02B-58A8-4CEA-A935-CA1BD9A138D6}.Debug|Any CPU.ActiveCfg = Debug|Any CPU
		{F64CA02B-58A8-4CEA-A935-CA1BD9A138D6}.Debug|Any CPU.Build.0 = Debug|Any CPU
		{F64CA02B-58A8-4CEA-A935-CA1BD9A138D6}.Release|Any CPU.ActiveCfg = Release|Any CPU
		{F64CA02B-58A8-4CEA-A935-CA1BD9A138D6}.Release|Any CPU.Build.0 = Release|Any CPU
		{51F8D17B-135C-404E-B775-E0879D377775}.Debug|Any CPU.ActiveCfg = Debug|Any CPU
		{51F8D17B-135C-404E-B775-E0879D377775}.Debug|Any CPU.Build.0 = Debug|Any CPU
		{51F8D17B-135C-404E-B775-E0879D377775}.Release|Any CPU.ActiveCfg = Release|Any CPU
		{51F8D17B-135C-404E-B775-E0879D377775}.Release|Any CPU.Build.0 = Release|Any CPU
	EndGlobalSection
	GlobalSection(SolutionProperties) = preSolution
		HideSolutionNode = FALSE
	EndGlobalSection
	GlobalSection(ExtensibilityGlobals) = postSolution
		SolutionGuid = {74CFAC1F-009D-4F9D-8775-F8670EA45A10}
	EndGlobalSection
EndGlobal
