
Microsoft Visual Studio Solution File, Format Version 12.00
# Visual Studio 15
VisualStudioVersion = 15.0.27703.2026
MinimumVisualStudioVersion = 10.0.40219.1
Project("{FAE04EC0-301F-11D3-BF4B-00C04F79EFBC}") = "UnitTestProject", "UnitTestProject\UnitTestProject.csproj", "{4177227E-E60B-46CE-8623-7927AE4416AF}"
EndProject
Project("{2150E333-8FDC-42A3-9474-1A3956D46DE8}") = "Tests", "Tests", "{3025AEB5-EBDC-4A62-A991-1F3A9B21FC45}"
EndProject
Project("{FAE04EC0-301F-11D3-BF4B-00C04F79EFBC}") = "XUnit-PrimeTestProject", "XUnit-PrimeTestProject\XUnit-PrimeTestProject.csproj", "{D8EF3A41-C4FE-466B-902D-896F664C0D8B}"
EndProject
Project("{FAE04EC0-301F-11D3-BF4B-00C04F79EFBC}") = "MSTest-PrimeTestProject", "MSTest-PrimeTestProject\MSTest-PrimeTestProject.csproj", "{3AD51DD9-8EB6-4F52-90EB-3EA6BF5AB81E}"
EndProject
Project("{FAE04EC0-301F-11D3-BF4B-00C04F79EFBC}") = "NUnit-PrimeTestProject", "NUnit-PrimeTestProject\NUnit-PrimeTestProject.csproj", "{DB0E0668-4149-4D8A-8BA9-76A4C0F9768C}"
EndProject
Global
	GlobalSection(SolutionConfigurationPlatforms) = preSolution
		Debug|Any CPU = Debug|Any CPU
		Release|Any CPU = Release|Any CPU
	EndGlobalSection
	GlobalSection(ProjectConfigurationPlatforms) = postSolution
		{4177227E-E60B-46CE-8623-7927AE4416AF}.Debug|Any CPU.ActiveCfg = Debug|Any CPU
		{4177227E-E60B-46CE-8623-7927AE4416AF}.Debug|Any CPU.Build.0 = Debug|Any CPU
		{4177227E-E60B-46CE-8623-7927AE4416AF}.Release|Any CPU.ActiveCfg = Release|Any CPU
		{4177227E-E60B-46CE-8623-7927AE4416AF}.Release|Any CPU.Build.0 = Release|Any CPU
		{D8EF3A41-C4FE-466B-902D-896F664C0D8B}.Debug|Any CPU.ActiveCfg = Debug|Any CPU
		{D8EF3A41-C4FE-466B-902D-896F664C0D8B}.Debug|Any CPU.Build.0 = Debug|Any CPU
		{D8EF3A41-C4FE-466B-902D-896F664C0D8B}.Release|Any CPU.ActiveCfg = Release|Any CPU
		{D8EF3A41-C4FE-466B-902D-896F664C0D8B}.Release|Any CPU.Build.0 = Release|Any CPU
		{3AD51DD9-8EB6-4F52-90EB-3EA6BF5AB81E}.Debug|Any CPU.ActiveCfg = Debug|Any CPU
		{3AD51DD9-8EB6-4F52-90EB-3EA6BF5AB81E}.Debug|Any CPU.Build.0 = Debug|Any CPU
		{3AD51DD9-8EB6-4F52-90EB-3EA6BF5AB81E}.Release|Any CPU.ActiveCfg = Release|Any CPU
		{3AD51DD9-8EB6-4F52-90EB-3EA6BF5AB81E}.Release|Any CPU.Build.0 = Release|Any CPU
		{DB0E0668-4149-4D8A-8BA9-76A4C0F9768C}.Debug|Any CPU.ActiveCfg = Debug|Any CPU
		{DB0E0668-4149-4D8A-8BA9-76A4C0F9768C}.Debug|Any CPU.Build.0 = Debug|Any CPU
		{DB0E0668-4149-4D8A-8BA9-76A4C0F9768C}.Release|Any CPU.ActiveCfg = Release|Any CPU
		{DB0E0668-4149-4D8A-8BA9-76A4C0F9768C}.Release|Any CPU.Build.0 = Release|Any CPU
	EndGlobalSection
	GlobalSection(SolutionProperties) = preSolution
		HideSolutionNode = FALSE
	EndGlobalSection
	GlobalSection(NestedProjects) = preSolution
		{D8EF3A41-C4FE-466B-902D-896F664C0D8B} = {3025AEB5-EBDC-4A62-A991-1F3A9B21FC45}
		{3AD51DD9-8EB6-4F52-90EB-3EA6BF5AB81E} = {3025AEB5-EBDC-4A62-A991-1F3A9B21FC45}
		{DB0E0668-4149-4D8A-8BA9-76A4C0F9768C} = {3025AEB5-EBDC-4A62-A991-1F3A9B21FC45}
	EndGlobalSection
	GlobalSection(ExtensibilityGlobals) = postSolution
		SolutionGuid = {FA7D9290-370E-4FA6-9852-2147969C3460}
	EndGlobalSection
EndGlobal
