
Microsoft Visual Studio Solution File, Format Version 12.00
# Visual Studio 15
VisualStudioVersion = 15.0.27703.2035
MinimumVisualStudioVersion = 10.0.40219.1
Project("{FAE04EC0-301F-11D3-BF4B-00C04F79EFBC}") = "Identity01", "Identity01\Identity01.csproj", "{3CAC93DF-C562-4653-BDA9-485FF6AEACAF}"
EndProject
Global
	GlobalSection(SolutionConfigurationPlatforms) = preSolution
		Debug|Any CPU = Debug|Any CPU
		Release|Any CPU = Release|Any CPU
	EndGlobalSection
	GlobalSection(ProjectConfigurationPlatforms) = postSolution
		{3CAC93DF-C562-4653-BDA9-485FF6AEACAF}.Debug|Any CPU.ActiveCfg = Debug|Any CPU
		{3CAC93DF-C562-4653-BDA9-485FF6AEACAF}.Debug|Any CPU.Build.0 = Debug|Any CPU
		{3CAC93DF-C562-4653-BDA9-485FF6AEACAF}.Release|Any CPU.ActiveCfg = Release|Any CPU
		{3CAC93DF-C562-4653-BDA9-485FF6AEACAF}.Release|Any CPU.Build.0 = Release|Any CPU
	EndGlobalSection
	GlobalSection(SolutionProperties) = preSolution
		HideSolutionNode = FALSE
	EndGlobalSection
	GlobalSection(ExtensibilityGlobals) = postSolution
		SolutionGuid = {1BB2AEE4-56CE-49C3-97D9-EA76AAC401B9}
	EndGlobalSection
EndGlobal
