
Microsoft Visual Studio Solution File, Format Version 12.00
# Visual Studio 15
VisualStudioVersion = 15.0.27703.2035
MinimumVisualStudioVersion = 10.0.40219.1
Project("{FAE04EC0-301F-11D3-BF4B-00C04F79EFBC}") = "ReporteServicios", "ReporteServicios\ReporteServicios.csproj", "{8E886322-7839-47BD-8280-FEC32014BF1D}"
EndProject
Global
	GlobalSection(SolutionConfigurationPlatforms) = preSolution
		Debug|Any CPU = Debug|Any CPU
		Release|Any CPU = Release|Any CPU
	EndGlobalSection
	GlobalSection(ProjectConfigurationPlatforms) = postSolution
		{8E886322-7839-47BD-8280-FEC32014BF1D}.Debug|Any CPU.ActiveCfg = Debug|Any CPU
		{8E886322-7839-47BD-8280-FEC32014BF1D}.Debug|Any CPU.Build.0 = Debug|Any CPU
		{8E886322-7839-47BD-8280-FEC32014BF1D}.Release|Any CPU.ActiveCfg = Release|Any CPU
		{8E886322-7839-47BD-8280-FEC32014BF1D}.Release|Any CPU.Build.0 = Release|Any CPU
	EndGlobalSection
	GlobalSection(SolutionProperties) = preSolution
		HideSolutionNode = FALSE
	EndGlobalSection
	GlobalSection(ExtensibilityGlobals) = postSolution
		SolutionGuid = {55727C81-B6DB-4380-BFDF-43396EF00296}
	EndGlobalSection
EndGlobal
