
Microsoft Visual Studio Solution File, Format Version 12.00
# Visual Studio 15
VisualStudioVersion = 15.0.27703.2035
MinimumVisualStudioVersion = 10.0.40219.1
Project("{FAE04EC0-301F-11D3-BF4B-00C04F79EFBC}") = "MvcJquery", "MvcJquery.csproj", "{7380DE53-1DB3-468F-96B2-7E42F006FAB8}"
EndProject
Global
	GlobalSection(SolutionConfigurationPlatforms) = preSolution
		Debug|Any CPU = Debug|Any CPU
		Release|Any CPU = Release|Any CPU
	EndGlobalSection
	GlobalSection(ProjectConfigurationPlatforms) = postSolution
		{7380DE53-1DB3-468F-96B2-7E42F006FAB8}.Debug|Any CPU.ActiveCfg = Debug|Any CPU
		{7380DE53-1DB3-468F-96B2-7E42F006FAB8}.Debug|Any CPU.Build.0 = Debug|Any CPU
		{7380DE53-1DB3-468F-96B2-7E42F006FAB8}.Release|Any CPU.ActiveCfg = Release|Any CPU
		{7380DE53-1DB3-468F-96B2-7E42F006FAB8}.Release|Any CPU.Build.0 = Release|Any CPU
	EndGlobalSection
	GlobalSection(SolutionProperties) = preSolution
		HideSolutionNode = FALSE
	EndGlobalSection
	GlobalSection(ExtensibilityGlobals) = postSolution
		SolutionGuid = {D606225F-7F97-425B-8132-2CC1183A710C}
	EndGlobalSection
EndGlobal
