
Microsoft Visual Studio Solution File, Format Version 12.00
# Visual Studio 15
VisualStudioVersion = 15.0.27703.2035
MinimumVisualStudioVersion = 10.0.40219.1
Project("{FAE04EC0-301F-11D3-BF4B-00C04F79EFBC}") = "AngularClient", "AngularClient\AngularClient.csproj", "{2025FDD4-3C96-487F-9F02-8FB72E6222D7}"
EndProject
Global
	GlobalSection(SolutionConfigurationPlatforms) = preSolution
		Debug|Any CPU = Debug|Any CPU
		Release|Any CPU = Release|Any CPU
	EndGlobalSection
	GlobalSection(ProjectConfigurationPlatforms) = postSolution
		{2025FDD4-3C96-487F-9F02-8FB72E6222D7}.Debug|Any CPU.ActiveCfg = Debug|Any CPU
		{2025FDD4-3C96-487F-9F02-8FB72E6222D7}.Debug|Any CPU.Build.0 = Debug|Any CPU
		{2025FDD4-3C96-487F-9F02-8FB72E6222D7}.Release|Any CPU.ActiveCfg = Release|Any CPU
		{2025FDD4-3C96-487F-9F02-8FB72E6222D7}.Release|Any CPU.Build.0 = Release|Any CPU
	EndGlobalSection
	GlobalSection(SolutionProperties) = preSolution
		HideSolutionNode = FALSE
	EndGlobalSection
	GlobalSection(ExtensibilityGlobals) = postSolution
		SolutionGuid = {8B2703C4-8857-457B-8BD2-C130910887A9}
	EndGlobalSection
EndGlobal
